
Microsoft Visual Studio Solution File, Format Version 12.00
# Visual Studio Version 17
VisualStudioVersion = 17.1.32414.318
MinimumVisualStudioVersion = 10.0.40219.1
Project("{FAE04EC0-301F-11D3-BF4B-00C04F79EFBC}") = "TryRESTAPI", "TryRESTAPI\TryRESTAPI.csproj", "{93FA83AC-06F5-47BA-8F76-1F3CC5B2889C}"
EndProject
Project("{2150E333-8FDC-42A3-9474-1A3956D46DE8}") = "Solution Items", "Solution Items", "{9E7A016A-2965-43CE-8BF7-910CD86874C4}"
	ProjectSection(SolutionItems) = preProject
		.editorconfig = .editorconfig
	EndProjectSection
EndProject
Global
	GlobalSection(SolutionConfigurationPlatforms) = preSolution
		Debug|Any CPU = Debug|Any CPU
		Release|Any CPU = Release|Any CPU
	EndGlobalSection
	GlobalSection(ProjectConfigurationPlatforms) = postSolution
		{93FA83AC-06F5-47BA-8F76-1F3CC5B2889C}.Debug|Any CPU.ActiveCfg = Debug|Any CPU
		{93FA83AC-06F5-47BA-8F76-1F3CC5B2889C}.Debug|Any CPU.Build.0 = Debug|Any CPU
		{93FA83AC-06F5-47BA-8F76-1F3CC5B2889C}.Release|Any CPU.ActiveCfg = Release|Any CPU
		{93FA83AC-06F5-47BA-8F76-1F3CC5B2889C}.Release|Any CPU.Build.0 = Release|Any CPU
	EndGlobalSection
	GlobalSection(SolutionProperties) = preSolution
		HideSolutionNode = FALSE
	EndGlobalSection
	GlobalSection(ExtensibilityGlobals) = postSolution
		SolutionGuid = {280ECDAA-C7CE-4CCF-9CCC-A60F674EA30D}
	EndGlobalSection
EndGlobal
